
Microsoft Visual Studio Solution File, Format Version 12.00
# Visual Studio Version 17
VisualStudioVersion = 17.9.34723.18
MinimumVisualStudioVersion = 10.0.40219.1
Project("{FAE04EC0-301F-11D3-BF4B-00C04F79EFBC}") = "MauiTestApp", "MauiTestApp.csproj", "{2FFFB572-09A6-48E5-921F-041D587573F5}"
EndProject
Global
	GlobalSection(SolutionConfigurationPlatforms) = preSolution
		Debug|Any CPU = Debug|Any CPU
		Release|Any CPU = Release|Any CPU
	EndGlobalSection
	GlobalSection(ProjectConfigurationPlatforms) = postSolution
		{2FFFB572-09A6-48E5-921F-041D587573F5}.Debug|Any CPU.ActiveCfg = Debug|Any CPU
		{2FFFB572-09A6-48E5-921F-041D587573F5}.Debug|Any CPU.Build.0 = Debug|Any CPU
		{2FFFB572-09A6-48E5-921F-041D587573F5}.Debug|Any CPU.Deploy.0 = Debug|Any CPU
		{2FFFB572-09A6-48E5-921F-041D587573F5}.Release|Any CPU.ActiveCfg = Release|Any CPU
		{2FFFB572-09A6-48E5-921F-041D587573F5}.Release|Any CPU.Build.0 = Release|Any CPU
		{2FFFB572-09A6-48E5-921F-041D587573F5}.Release|Any CPU.Deploy.0 = Release|Any CPU
	EndGlobalSection
	GlobalSection(SolutionProperties) = preSolution
		HideSolutionNode = FALSE
	EndGlobalSection
	GlobalSection(ExtensibilityGlobals) = postSolution
		SolutionGuid = {8FE46DDC-B8CA-4FA9-A643-94337CF68E64}
	EndGlobalSection
EndGlobal
